
Microsoft Visual Studio Solution File, Format Version 12.00
# Visual Studio Version 17
VisualStudioVersion = 17.7.34031.279
MinimumVisualStudioVersion = 10.0.40219.1
Project("{9A19103F-16F7-4668-BE54-9A1E7A4F7556}") = "Collections", "Collections\Collections.csproj", "{929ADDDE-46BA-45D9-9EAB-EE6C31BF7A42}"
EndProject
Project("{9A19103F-16F7-4668-BE54-9A1E7A4F7556}") = "IssueWithNonGenericCollections", "IssueWithNonGenericCollections\IssueWithNonGenericCollections.csproj", "{AEEF2717-6717-4A4E-89E3-49B54D387070}"
EndProject
Project("{9A19103F-16F7-4668-BE54-9A1E7A4F7556}") = "Generics", "Generics\Generics.csproj", "{B5F2DD6B-CEAC-4BA3-ADE1-BE5E5E02DEBD}"
EndProject
Project("{FAE04EC0-301F-11D3-BF4B-00C04F79EFBC}") = "FunWithCollectionInitialization", "FunWithCollectionInitialization\FunWithCollectionInitialization.csproj", "{21A272F4-159F-4DA0-92D0-0C7D9B1E5B81}"
EndProject
Project("{FAE04EC0-301F-11D3-BF4B-00C04F79EFBC}") = "FunWithGenericCollections", "FunWithGenericCollections\FunWithGenericCollections.csproj", "{A66AC904-8716-43FE-BF97-FC726208BE69}"
EndProject
Global
	GlobalSection(SolutionConfigurationPlatforms) = preSolution
		Debug|Any CPU = Debug|Any CPU
		Release|Any CPU = Release|Any CPU
	EndGlobalSection
	GlobalSection(ProjectConfigurationPlatforms) = postSolution
		{929ADDDE-46BA-45D9-9EAB-EE6C31BF7A42}.Debug|Any CPU.ActiveCfg = Debug|Any CPU
		{929ADDDE-46BA-45D9-9EAB-EE6C31BF7A42}.Debug|Any CPU.Build.0 = Debug|Any CPU
		{929ADDDE-46BA-45D9-9EAB-EE6C31BF7A42}.Release|Any CPU.ActiveCfg = Release|Any CPU
		{929ADDDE-46BA-45D9-9EAB-EE6C31BF7A42}.Release|Any CPU.Build.0 = Release|Any CPU
		{AEEF2717-6717-4A4E-89E3-49B54D387070}.Debug|Any CPU.ActiveCfg = Debug|Any CPU
		{AEEF2717-6717-4A4E-89E3-49B54D387070}.Debug|Any CPU.Build.0 = Debug|Any CPU
		{AEEF2717-6717-4A4E-89E3-49B54D387070}.Release|Any CPU.ActiveCfg = Release|Any CPU
		{AEEF2717-6717-4A4E-89E3-49B54D387070}.Release|Any CPU.Build.0 = Release|Any CPU
		{B5F2DD6B-CEAC-4BA3-ADE1-BE5E5E02DEBD}.Debug|Any CPU.ActiveCfg = Debug|Any CPU
		{B5F2DD6B-CEAC-4BA3-ADE1-BE5E5E02DEBD}.Debug|Any CPU.Build.0 = Debug|Any CPU
		{B5F2DD6B-CEAC-4BA3-ADE1-BE5E5E02DEBD}.Release|Any CPU.ActiveCfg = Release|Any CPU
		{B5F2DD6B-CEAC-4BA3-ADE1-BE5E5E02DEBD}.Release|Any CPU.Build.0 = Release|Any CPU
		{21A272F4-159F-4DA0-92D0-0C7D9B1E5B81}.Debug|Any CPU.ActiveCfg = Debug|Any CPU
		{21A272F4-159F-4DA0-92D0-0C7D9B1E5B81}.Debug|Any CPU.Build.0 = Debug|Any CPU
		{21A272F4-159F-4DA0-92D0-0C7D9B1E5B81}.Release|Any CPU.ActiveCfg = Release|Any CPU
		{21A272F4-159F-4DA0-92D0-0C7D9B1E5B81}.Release|Any CPU.Build.0 = Release|Any CPU
		{A66AC904-8716-43FE-BF97-FC726208BE69}.Debug|Any CPU.ActiveCfg = Debug|Any CPU
		{A66AC904-8716-43FE-BF97-FC726208BE69}.Debug|Any CPU.Build.0 = Debug|Any CPU
		{A66AC904-8716-43FE-BF97-FC726208BE69}.Release|Any CPU.ActiveCfg = Release|Any CPU
		{A66AC904-8716-43FE-BF97-FC726208BE69}.Release|Any CPU.Build.0 = Release|Any CPU
	EndGlobalSection
	GlobalSection(SolutionProperties) = preSolution
		HideSolutionNode = FALSE
	EndGlobalSection
	GlobalSection(ExtensibilityGlobals) = postSolution
		SolutionGuid = {439A4740-6A46-4409-9147-A4F71AAA7E51}
	EndGlobalSection
EndGlobal
